// !$*UTF8*$!
{
	archiveVersion = 1;
	classes = {
	};
	objectVersion = 46;
	objects = {

/* Begin PBXBuildFile section */
		741960D11D7224D000DCD7F9 /* main.swift in Sources */ = {isa = PBXBuildFile; fileRef = 741960D01D7224D000DCD7F9 /* main.swift */; };
		741960DA1D722A9500DCD7F9 /* ImageBrutalizer.swift in Sources */ = {isa = PBXBuildFile; fileRef = 741960D91D722A9500DCD7F9 /* ImageBrutalizer.swift */; };
		749263C21D727AAC00D567F7 /* BrutalArg.swift in Sources */ = {isa = PBXBuildFile; fileRef = 749263C11D727AAC00D567F7 /* BrutalArg.swift */; };
/* End PBXBuildFile section */

/* Begin PBXCopyFilesBuildPhase section */
		741960CB1D7224D000DCD7F9 /* CopyFiles */ = {
			isa = PBXCopyFilesBuildPhase;
			buildActionMask = 2147483647;
			dstPath = /usr/share/man/man1/;
			dstSubfolderSpec = 0;
			files = (
			);
			runOnlyForDeploymentPostprocessing = 1;
		};
/* End PBXCopyFilesBuildPhase section */

/* Begin PBXFileReference section */
		741960CD1D7224D000DCD7F9 /* Cropper */ = {isa = PBXFileReference; explicitFileType = "compiled.mach-o.executable"; includeInIndex = 0; path = Cropper; sourceTree = BUILT_PRODUCTS_DIR; };
		741960D01D7224D000DCD7F9 /* main.swift */ = {isa = PBXFileReference; lastKnownFileType = sourcecode.swift; path = main.swift; sourceTree = "<group>"; };
		741960D91D722A9500DCD7F9 /* ImageBrutalizer.swift */ = {isa = PBXFileReference; fileEncoding = 4; lastKnownFileType = sourcecode.swift; path = ImageBrutalizer.swift; sourceTree = "<group>"; };
		749263C11D727AAC00D567F7 /* BrutalArg.swift */ = {isa = PBXFileReference; fileEncoding = 4; lastKnownFileType = sourcecode.swift; path = BrutalArg.swift; sourceTree = "<group>"; };
/* End PBXFileReference section */

/* Begin PBXFrameworksBuildPhase section */
		741960CA1D7224D000DCD7F9 /* Frameworks */ = {
			isa = PBXFrameworksBuildPhase;
			buildActionMask = 2147483647;
			files = (
			);
			runOnlyForDeploymentPostprocessing = 0;
		};
/* End PBXFrameworksBuildPhase section */

/* Begin PBXGroup section */
		741960C41D7224D000DCD7F9 = {
			isa = PBXGroup;
			children = (
				741960CF1D7224D000DCD7F9 /* Cropper */,
				741960CE1D7224D000DCD7F9 /* Products */,
			);
			sourceTree = "<group>";
		};
		741960CE1D7224D000DCD7F9 /* Products */ = {
			isa = PBXGroup;
			children = (
				741960CD1D7224D000DCD7F9 /* Cropper */,
			);
			name = Products;
			sourceTree = "<group>";
		};
		741960CF1D7224D000DCD7F9 /* Cropper */ = {
			isa = PBXGroup;
			children = (
				741960D01D7224D000DCD7F9 /* main.swift */,
				749263C11D727AAC00D567F7 /* BrutalArg.swift */,
				741960D91D722A9500DCD7F9 /* ImageBrutalizer.swift */,
			);
			path = Cropper;
			sourceTree = "<group>";
		};
/* End PBXGroup section */

/* Begin PBXNativeTarget section */
		741960CC1D7224D000DCD7F9 /* Cropper */ = {
			isa = PBXNativeTarget;
			buildConfigurationList = 741960D41D7224D000DCD7F9 /* Build configuration list for PBXNativeTarget "Cropper" */;
			buildPhases = (
				741960C91D7224D000DCD7F9 /* Sources */,
				741960CA1D7224D000DCD7F9 /* Frameworks */,
				741960CB1D7224D000DCD7F9 /* CopyFiles */,
			);
			buildRules = (
			);
			dependencies = (
			);
			name = Cropper;
			productName = Cropper;
			productReference = 741960CD1D7224D000DCD7F9 /* Cropper */;
			productType = "com.apple.product-type.tool";
		};
/* End PBXNativeTarget section */

/* Begin PBXProject section */
		741960C51D7224D000DCD7F9 /* Project object */ = {
			isa = PBXProject;
			attributes = {
				LastSwiftUpdateCheck = 0730;
				LastUpgradeCheck = 0730;
				ORGANIZATIONNAME = "Erik Little";
				TargetAttributes = {
					741960CC1D7224D000DCD7F9 = {
						CreatedOnToolsVersion = 7.3.1;
					};
				};
			};
			buildConfigurationList = 741960C81D7224D000DCD7F9 /* Build configuration list for PBXProject "Cropper" */;
			compatibilityVersion = "Xcode 3.2";
			developmentRegion = English;
			hasScannedForEncodings = 0;
			knownRegions = (
				en,
			);
			mainGroup = 741960C41D7224D000DCD7F9;
			productRefGroup = 741960CE1D7224D000DCD7F9 /* Products */;
			projectDirPath = "";
			projectRoot = "";
			targets = (
				741960CC1D7224D000DCD7F9 /* Cropper */,
			);
		};
/* End PBXProject section */

/* Begin PBXSourcesBuildPhase section */
		741960C91D7224D000DCD7F9 /* Sources */ = {
			isa = PBXSourcesBuildPhase;
			buildActionMask = 2147483647;
			files = (
				741960D11D7224D000DCD7F9 /* main.swift in Sources */,
				749263C21D727AAC00D567F7 /* BrutalArg.swift in Sources */,
				741960DA1D722A9500DCD7F9 /* ImageBrutalizer.swift in Sources */,
			);
			runOnlyForDeploymentPostprocessing = 0;
		};
/* End PBXSourcesBuildPhase section */

/* Begin XCBuildConfiguration section */
		741960D21D7224D000DCD7F9 /* Debug */ = {
			isa = XCBuildConfiguration;
			buildSettings = {
				ALWAYS_SEARCH_USER_PATHS = NO;
				CLANG_ANALYZER_NONNULL = YES;
				CLANG_CXX_LANGUAGE_STANDARD = "gnu++0x";
				CLANG_CXX_LIBRARY = "libc++";
				CLANG_ENABLE_MODULES = YES;
				CLANG_ENABLE_OBJC_ARC = YES;
				CLANG_WARN_BOOL_CONVERSION = YES;
				CLANG_WARN_CONSTANT_CONVERSION = YES;
				CLANG_WARN_DIRECT_OBJC_ISA_USAGE = YES_ERROR;
				CLANG_WARN_EMPTY_BODY = YES;
				CLANG_WARN_ENUM_CONVERSION = YES;
				CLANG_WARN_INT_CONVERSION = YES;
				CLANG_WARN_OBJC_ROOT_CLASS = YES_ERROR;
				CLANG_WARN_UNREACHABLE_CODE = YES;
				CLANG_WARN__DUPLICATE_METHOD_MATCH = YES;
				CODE_SIGN_IDENTITY = "-";
				COPY_PHASE_STRIP = NO;
				DEBUG_INFORMATION_FORMAT = dwarf;
				ENABLE_STRICT_OBJC_MSGSEND = YES;
				ENABLE_TESTABILITY = YES;
				GCC_C_LANGUAGE_STANDARD = gnu99;
				GCC_DYNAMIC_NO_PIC = NO;
				GCC_NO_COMMON_BLOCKS = YES;
				GCC_OPTIMIZATION_LEVEL = 0;
				GCC_PREPROCESSOR_DEFINITIONS = (
					"DEBUG=1",
					"$(inherited)",
				);
				GCC_WARN_64_TO_32_BIT_CONVERSION = YES;
				GCC_WARN_ABOUT_RETURN_TYPE = YES_ERROR;
				GCC_WARN_UNDECLARED_SELECTOR = YES;
				GCC_WARN_UNINITIALIZED_AUTOS = YES_AGGRESSIVE;
				GCC_WARN_UNUSED_FUNCTION = YES;
				GCC_WARN_UNUSED_VARIABLE = YES;
				MACOSX_DEPLOYMENT_TARGET = 10.11;
				MTL_ENABLE_DEBUG_INFO = YES;
				ONLY_ACTIVE_ARCH = YES;
				SDKROOT = macosx;
				SWIFT_OPTIMIZATION_LEVEL = "-Onone";
			};
			name = Debug;
		};
		741960D31D7224D000DCD7F9 /* Release */ = {
			isa = XCBuildConfiguration;
			buildSettings = {
				ALWAYS_SEARCH_USER_PATHS = NO;
				CLANG_ANALYZER_NONNULL = YES;
				CLANG_CXX_LANGUAGE_STANDARD = "gnu++0x";
				CLANG_CXX_LIBRARY = "libc++";
				CLANG_ENABLE_MODULES = YES;
				CLANG_ENABLE_OBJC_ARC = YES;
				CLANG_WARN_BOOL_CONVERSION = YES;
				CLANG_WARN_CONSTANT_CONVERSION = YES;
				CLANG_WARN_DIRECT_OBJC_ISA_USAGE = YES_ERROR;
				CLANG_WARN_EMPTY_BODY = YES;
				CLANG_WARN_ENUM_CONVERSION = YES;
				CLANG_WARN_INT_CONVERSION = YES;
				CLANG_WARN_OBJC_ROOT_CLASS = YES_ERROR;
				CLANG_WARN_UNREACHABLE_CODE = YES;
				CLANG_WARN__DUPLICATE_METHOD_MATCH = YES;
				CODE_SIGN_IDENTITY = "-";
				COPY_PHASE_STRIP = NO;
				DEBUG_INFORMATION_FORMAT = "dwarf-with-dsym";
				ENABLE_NS_ASSERTIONS = NO;
				ENABLE_STRICT_OBJC_MSGSEND = YES;
				GCC_C_LANGUAGE_STANDARD = gnu99;
				GCC_NO_COMMON_BLOCKS = YES;
				GCC_WARN_64_TO_32_BIT_CONVERSION = YES;
				GCC_WARN_ABOUT_RETURN_TYPE = YES_ERROR;
				GCC_WARN_UNDECLARED_SELECTOR = YES;
				GCC_WARN_UNINITIALIZED_AUTOS = YES_AGGRESSIVE;
				GCC_WARN_UNUSED_FUNCTION = YES;
				GCC_WARN_UNUSED_VARIABLE = YES;
				MACOSX_DEPLOYMENT_TARGET = 10.11;
				MTL_ENABLE_DEBUG_INFO = NO;
				SDKROOT = macosx;
			};
			name = Release;
		};
		741960D51D7224D000DCD7F9 /* Debug */ = {
			isa = XCBuildConfiguration;
			buildSettings = {
				PRODUCT_NAME = "$(TARGET_NAME)";
			};
			name = Debug;
		};
		741960D61D7224D000DCD7F9 /* Release */ = {
			isa = XCBuildConfiguration;
			buildSettings = {
				PRODUCT_NAME = "$(TARGET_NAME)";
			};
			name = Release;
		};
/* End XCBuildConfiguration section */

/* Begin XCConfigurationList section */
		741960C81D7224D000DCD7F9 /* Build configuration list for PBXProject "Cropper" */ = {
			isa = XCConfigurationList;
			buildConfigurations = (
				741960D21D7224D000DCD7F9 /* Debug */,
				741960D31D7224D000DCD7F9 /* Release */,
			);
			defaultConfigurationIsVisible = 0;
			defaultConfigurationName = Release;
		};
		741960D41D7224D000DCD7F9 /* Build configuration list for PBXNativeTarget "Cropper" */ = {
			isa = XCConfigurationList;
			buildConfigurations = (
				741960D51D7224D000DCD7F9 /* Debug */,
				741960D61D7224D000DCD7F9 /* Release */,
			);
			defaultConfigurationIsVisible = 0;
			defaultConfigurationName = Release;
		};
/* End XCConfigurationList section */
	};
	rootObject = 741960C51D7224D000DCD7F9 /* Project object */;
}
